// !$*UTF8*$!
{
	archiveVersion = 1;
	classes = {
	};
	objectVersion = 51;
	objects = {

/* Begin PBXBuildFile section */
		7F39A3FF23D06EA900BF6AB7 /* UsageView.swift in Sources */ = {isa = PBXBuildFile; fileRef = 7F39A3FE23D06EA900BF6AB7 /* UsageView.swift */; };
		7F39A40123D0706C00BF6AB7 /* UsageTableViewCell.swift in Sources */ = {isa = PBXBuildFile; fileRef = 7F39A40023D0706C00BF6AB7 /* UsageTableViewCell.swift */; };
		7F39A40423D07D0400BF6AB7 /* RestrictionListAppsViewController.swift in Sources */ = {isa = PBXBuildFile; fileRef = 7F39A40323D07D0400BF6AB7 /* RestrictionListAppsViewController.swift */; };
		7F39A40623D07D6700BF6AB7 /* RestrictionCellTableViewCell.swift in Sources */ = {isa = PBXBuildFile; fileRef = 7F39A40523D07D6700BF6AB7 /* RestrictionCellTableViewCell.swift */; };
		7F39A40823D086FE00BF6AB7 /* RestrictionDetailViewController.swift in Sources */ = {isa = PBXBuildFile; fileRef = 7F39A40723D086FE00BF6AB7 /* RestrictionDetailViewController.swift */; };
		7F39A40B23D0973800BF6AB7 /* StadisticsViewController.swift in Sources */ = {isa = PBXBuildFile; fileRef = 7F39A40A23D0973800BF6AB7 /* StadisticsViewController.swift */; };
		7F39A40D23D097A600BF6AB7 /* StadisticsTableViewCell.swift in Sources */ = {isa = PBXBuildFile; fileRef = 7F39A40C23D097A600BF6AB7 /* StadisticsTableViewCell.swift */; };
		7F65D17523D5A8E2008E1E97 /* ProfileViewController.swift in Sources */ = {isa = PBXBuildFile; fileRef = 7F65D17423D5A8E2008E1E97 /* ProfileViewController.swift */; };
		7F70507A23D6F6AE00C6B556 /* usertoken.swift in Sources */ = {isa = PBXBuildFile; fileRef = 7F70507923D6F6AE00C6B556 /* usertoken.swift */; };
		7F70507D23D70D8C00C6B556 /* Token.swift in Sources */ = {isa = PBXBuildFile; fileRef = 7F70507C23D70D8C00C6B556 /* Token.swift */; };
		7F70507F23D70DDB00C6B556 /* Requests.swift in Sources */ = {isa = PBXBuildFile; fileRef = 7F70507E23D70DDB00C6B556 /* Requests.swift */; };
		7F70508123D71A6700C6B556 /* Tonteria.swift in Sources */ = {isa = PBXBuildFile; fileRef = 7F70508023D71A6700C6B556 /* Tonteria.swift */; };
		7FA7F72F23CC87090013A022 /* AppDelegate.swift in Sources */ = {isa = PBXBuildFile; fileRef = 7FA7F72E23CC87090013A022 /* AppDelegate.swift */; };
		7FA7F73123CC87090013A022 /* ViewController.swift in Sources */ = {isa = PBXBuildFile; fileRef = 7FA7F73023CC87090013A022 /* ViewController.swift */; };
		7FA7F73623CC870C0013A022 /* Assets.xcassets in Resources */ = {isa = PBXBuildFile; fileRef = 7FA7F73523CC870C0013A022 /* Assets.xcassets */; };
		7FA7F73923CC870C0013A022 /* LaunchScreen.storyboard in Resources */ = {isa = PBXBuildFile; fileRef = 7FA7F73723CC870C0013A022 /* LaunchScreen.storyboard */; };
		7FB5C35C23CF3ADF004C24E1 /* MainTableViewCell.swift in Sources */ = {isa = PBXBuildFile; fileRef = 7FB5C35B23CF3ADF004C24E1 /* MainTableViewCell.swift */; };
		7FB5C35E23CF3EAF004C24E1 /* MainViewController.swift in Sources */ = {isa = PBXBuildFile; fileRef = 7FB5C35D23CF3EAF004C24E1 /* MainViewController.swift */; };
		7FB5C36023CF49E6004C24E1 /* MenuViewController.swift in Sources */ = {isa = PBXBuildFile; fileRef = 7FB5C35F23CF49E6004C24E1 /* MenuViewController.swift */; };
		7FB5C36223CF4A3D004C24E1 /* MenuTableViewCell.swift in Sources */ = {isa = PBXBuildFile; fileRef = 7FB5C36123CF4A3D004C24E1 /* MenuTableViewCell.swift */; };
		7FD33D4023D9925D00D67A55 /* Main.storyboard in Resources */ = {isa = PBXBuildFile; fileRef = 7FD33D3F23D9925D00D67A55 /* Main.storyboard */; };
		7FD33D4223D99D5A00D67A55 /* MainViewData.swift in Sources */ = {isa = PBXBuildFile; fileRef = 7FD33D4123D99D5A00D67A55 /* MainViewData.swift */; };
		7FF26C6B23E17DE600A2167D /* RestrictionData.swift in Sources */ = {isa = PBXBuildFile; fileRef = 7FF26C6A23E17DE600A2167D /* RestrictionData.swift */; };
		7FFE6F4E23E04FAB00FCEE4D /* UsageViewData.swift in Sources */ = {isa = PBXBuildFile; fileRef = 7FFE6F4D23E04FAB00FCEE4D /* UsageViewData.swift */; };
		A18327213AD5E79331401E89 /* Pods_bienestapp.framework in Frameworks */ = {isa = PBXBuildFile; fileRef = 3071F49200CC5E0082CD2097 /* Pods_bienestapp.framework */; };
/* End PBXBuildFile section */

/* Begin PBXFileReference section */
		21CDFBED92264FD3BF62AEBB /* Pods-bienestapp.debug.xcconfig */ = {isa = PBXFileReference; includeInIndex = 1; lastKnownFileType = text.xcconfig; name = "Pods-bienestapp.debug.xcconfig"; path = "Target Support Files/Pods-bienestapp/Pods-bienestapp.debug.xcconfig"; sourceTree = "<group>"; };
		2F262BB95C0A0D7D8ADDEF49 /* Pods-bienestapp.release.xcconfig */ = {isa = PBXFileReference; includeInIndex = 1; lastKnownFileType = text.xcconfig; name = "Pods-bienestapp.release.xcconfig"; path = "Target Support Files/Pods-bienestapp/Pods-bienestapp.release.xcconfig"; sourceTree = "<group>"; };
		3071F49200CC5E0082CD2097 /* Pods_bienestapp.framework */ = {isa = PBXFileReference; explicitFileType = wrapper.framework; includeInIndex = 0; path = Pods_bienestapp.framework; sourceTree = BUILT_PRODUCTS_DIR; };
		7F39A3FE23D06EA900BF6AB7 /* UsageView.swift */ = {isa = PBXFileReference; lastKnownFileType = sourcecode.swift; path = UsageView.swift; sourceTree = "<group>"; };
		7F39A40023D0706C00BF6AB7 /* UsageTableViewCell.swift */ = {isa = PBXFileReference; lastKnownFileType = sourcecode.swift; path = UsageTableViewCell.swift; sourceTree = "<group>"; };
		7F39A40323D07D0400BF6AB7 /* RestrictionListAppsViewController.swift */ = {isa = PBXFileReference; lastKnownFileType = sourcecode.swift; path = RestrictionListAppsViewController.swift; sourceTree = "<group>"; };
		7F39A40523D07D6700BF6AB7 /* RestrictionCellTableViewCell.swift */ = {isa = PBXFileReference; lastKnownFileType = sourcecode.swift; path = RestrictionCellTableViewCell.swift; sourceTree = "<group>"; };
		7F39A40723D086FE00BF6AB7 /* RestrictionDetailViewController.swift */ = {isa = PBXFileReference; lastKnownFileType = sourcecode.swift; path = RestrictionDetailViewController.swift; sourceTree = "<group>"; };
		7F39A40A23D0973800BF6AB7 /* StadisticsViewController.swift */ = {isa = PBXFileReference; lastKnownFileType = sourcecode.swift; path = StadisticsViewController.swift; sourceTree = "<group>"; };
		7F39A40C23D097A600BF6AB7 /* StadisticsTableViewCell.swift */ = {isa = PBXFileReference; lastKnownFileType = sourcecode.swift; path = StadisticsTableViewCell.swift; sourceTree = "<group>"; };
		7F65D17423D5A8E2008E1E97 /* ProfileViewController.swift */ = {isa = PBXFileReference; lastKnownFileType = sourcecode.swift; path = ProfileViewController.swift; sourceTree = "<group>"; };
		7F70507923D6F6AE00C6B556 /* usertoken.swift */ = {isa = PBXFileReference; lastKnownFileType = sourcecode.swift; path = usertoken.swift; sourceTree = "<group>"; };
		7F70507C23D70D8C00C6B556 /* Token.swift */ = {isa = PBXFileReference; lastKnownFileType = sourcecode.swift; path = Token.swift; sourceTree = "<group>"; };
		7F70507E23D70DDB00C6B556 /* Requests.swift */ = {isa = PBXFileReference; lastKnownFileType = sourcecode.swift; path = Requests.swift; sourceTree = "<group>"; };
		7F70508023D71A6700C6B556 /* Tonteria.swift */ = {isa = PBXFileReference; lastKnownFileType = sourcecode.swift; path = Tonteria.swift; sourceTree = "<group>"; };
		7FA7F72B23CC87090013A022 /* bienestapp.app */ = {isa = PBXFileReference; explicitFileType = wrapper.application; includeInIndex = 0; path = bienestapp.app; sourceTree = BUILT_PRODUCTS_DIR; };
		7FA7F72E23CC87090013A022 /* AppDelegate.swift */ = {isa = PBXFileReference; lastKnownFileType = sourcecode.swift; path = AppDelegate.swift; sourceTree = "<group>"; };
		7FA7F73023CC87090013A022 /* ViewController.swift */ = {isa = PBXFileReference; lastKnownFileType = sourcecode.swift; path = ViewController.swift; sourceTree = "<group>"; };
		7FA7F73523CC870C0013A022 /* Assets.xcassets */ = {isa = PBXFileReference; lastKnownFileType = folder.assetcatalog; path = Assets.xcassets; sourceTree = "<group>"; };
		7FA7F73823CC870C0013A022 /* Base */ = {isa = PBXFileReference; lastKnownFileType = file.storyboard; name = Base; path = Base.lproj/LaunchScreen.storyboard; sourceTree = "<group>"; };
		7FA7F73A23CC870C0013A022 /* Info.plist */ = {isa = PBXFileReference; lastKnownFileType = text.plist.xml; path = Info.plist; sourceTree = "<group>"; };
		7FB5C35B23CF3ADF004C24E1 /* MainTableViewCell.swift */ = {isa = PBXFileReference; lastKnownFileType = sourcecode.swift; path = MainTableViewCell.swift; sourceTree = "<group>"; };
		7FB5C35D23CF3EAF004C24E1 /* MainViewController.swift */ = {isa = PBXFileReference; lastKnownFileType = sourcecode.swift; path = MainViewController.swift; sourceTree = "<group>"; };
		7FB5C35F23CF49E6004C24E1 /* MenuViewController.swift */ = {isa = PBXFileReference; lastKnownFileType = sourcecode.swift; path = MenuViewController.swift; sourceTree = "<group>"; };
		7FB5C36123CF4A3D004C24E1 /* MenuTableViewCell.swift */ = {isa = PBXFileReference; lastKnownFileType = sourcecode.swift; path = MenuTableViewCell.swift; sourceTree = "<group>"; };
		7FD33D3F23D9925D00D67A55 /* Main.storyboard */ = {isa = PBXFileReference; fileEncoding = 4; lastKnownFileType = file.storyboard; path = Main.storyboard; sourceTree = "<group>"; };
		7FD33D4123D99D5A00D67A55 /* MainViewData.swift */ = {isa = PBXFileReference; lastKnownFileType = sourcecode.swift; path = MainViewData.swift; sourceTree = "<group>"; };
		7FF26C6A23E17DE600A2167D /* RestrictionData.swift */ = {isa = PBXFileReference; lastKnownFileType = sourcecode.swift; path = RestrictionData.swift; sourceTree = "<group>"; };
		7FFE6F4D23E04FAB00FCEE4D /* UsageViewData.swift */ = {isa = PBXFileReference; lastKnownFileType = sourcecode.swift; path = UsageViewData.swift; sourceTree = "<group>"; };
/* End PBXFileReference section */

/* Begin PBXFrameworksBuildPhase section */
		7FA7F72823CC87090013A022 /* Frameworks */ = {
			isa = PBXFrameworksBuildPhase;
			buildActionMask = 2147483647;
			files = (
				A18327213AD5E79331401E89 /* Pods_bienestapp.framework in Frameworks */,
			);
			runOnlyForDeploymentPostprocessing = 0;
		};
/* End PBXFrameworksBuildPhase section */

/* Begin PBXGroup section */
		7F39A40223D07C8C00BF6AB7 /* Restriction */ = {
			isa = PBXGroup;
			children = (
				7F39A40323D07D0400BF6AB7 /* RestrictionListAppsViewController.swift */,
				7FF26C6A23E17DE600A2167D /* RestrictionData.swift */,
				7F39A40523D07D6700BF6AB7 /* RestrictionCellTableViewCell.swift */,
				7F39A40723D086FE00BF6AB7 /* RestrictionDetailViewController.swift */,
			);
			path = Restriction;
			sourceTree = "<group>";
		};
		7F39A40923D0970700BF6AB7 /* Stadistics */ = {
			isa = PBXGroup;
			children = (
				7F39A40A23D0973800BF6AB7 /* StadisticsViewController.swift */,
				7F39A40C23D097A600BF6AB7 /* StadisticsTableViewCell.swift */,
			);
			path = Stadistics;
			sourceTree = "<group>";
		};
		7F65D17323D5A8BA008E1E97 /* Profile */ = {
			isa = PBXGroup;
			children = (
				7F65D17423D5A8E2008E1E97 /* ProfileViewController.swift */,
			);
			path = Profile;
			sourceTree = "<group>";
		};
		7F70507B23D70D4F00C6B556 /* objects */ = {
			isa = PBXGroup;
			children = (
				7F70507C23D70D8C00C6B556 /* Token.swift */,
				7F70508023D71A6700C6B556 /* Tonteria.swift */,
			);
			path = objects;
			sourceTree = "<group>";
		};
		7FA7F72223CC87090013A022 = {
			isa = PBXGroup;
			children = (
				7FA7F72D23CC87090013A022 /* bienestapp */,
				7FA7F73523CC870C0013A022 /* Assets.xcassets */,
				7FA7F72C23CC87090013A022 /* Products */,
				EAC17DD1E7BFCFE3E28B4E58 /* Pods */,
				85682DE5F60488251F73D019 /* Frameworks */,
			);
			sourceTree = "<group>";
		};
		7FA7F72C23CC87090013A022 /* Products */ = {
			isa = PBXGroup;
			children = (
				7FA7F72B23CC87090013A022 /* bienestapp.app */,
			);
			name = Products;
			sourceTree = "<group>";
		};
		7FA7F72D23CC87090013A022 /* bienestapp */ = {
			isa = PBXGroup;
			children = (
				7F70507E23D70DDB00C6B556 /* Requests.swift */,
				7F70507B23D70D4F00C6B556 /* objects */,
				7F65D17323D5A8BA008E1E97 /* Profile */,
				7F39A40923D0970700BF6AB7 /* Stadistics */,
				7F39A40223D07C8C00BF6AB7 /* Restriction */,
				7FA7F72E23CC87090013A022 /* AppDelegate.swift */,
				7FB5C35323CF2651004C24E1 /* MainScreen */,
				7FD33D3F23D9925D00D67A55 /* Main.storyboard */,
				7FB5C35223CF2615004C24E1 /* login_register */,
				7FB5C35A23CF288D004C24E1 /* images */,
				7FA7F73723CC870C0013A022 /* LaunchScreen.storyboard */,
				7FA7F73A23CC870C0013A022 /* Info.plist */,
				7FB5C36323CF4A42004C24E1 /* Menu */,
				7F70507923D6F6AE00C6B556 /* usertoken.swift */,
			);
			path = bienestapp;
			sourceTree = "<group>";
		};
		7FB5C35223CF2615004C24E1 /* login_register */ = {
			isa = PBXGroup;
			children = (
				7FA7F73023CC87090013A022 /* ViewController.swift */,
			);
			path = login_register;
			sourceTree = "<group>";
		};
		7FB5C35323CF2651004C24E1 /* MainScreen */ = {
			isa = PBXGroup;
			children = (
				7FB5C35B23CF3ADF004C24E1 /* MainTableViewCell.swift */,
				7FB5C35D23CF3EAF004C24E1 /* MainViewController.swift */,
				7F39A3FE23D06EA900BF6AB7 /* UsageView.swift */,
				7F39A40023D0706C00BF6AB7 /* UsageTableViewCell.swift */,
				7FFE6F4D23E04FAB00FCEE4D /* UsageViewData.swift */,
				7FD33D4123D99D5A00D67A55 /* MainViewData.swift */,
			);
			path = MainScreen;
			sourceTree = "<group>";
		};
		7FB5C35A23CF288D004C24E1 /* images */ = {
			isa = PBXGroup;
			children = (
			);
			path = images;
			sourceTree = "<group>";
		};
		7FB5C36323CF4A42004C24E1 /* Menu */ = {
			isa = PBXGroup;
			children = (
				7FB5C35F23CF49E6004C24E1 /* MenuViewController.swift */,
				7FB5C36123CF4A3D004C24E1 /* MenuTableViewCell.swift */,
			);
			path = Menu;
			sourceTree = "<group>";
		};
		85682DE5F60488251F73D019 /* Frameworks */ = {
			isa = PBXGroup;
			children = (
				3071F49200CC5E0082CD2097 /* Pods_bienestapp.framework */,
			);
			name = Frameworks;
			sourceTree = "<group>";
		};
		EAC17DD1E7BFCFE3E28B4E58 /* Pods */ = {
			isa = PBXGroup;
			children = (
				21CDFBED92264FD3BF62AEBB /* Pods-bienestapp.debug.xcconfig */,
				2F262BB95C0A0D7D8ADDEF49 /* Pods-bienestapp.release.xcconfig */,
			);
			path = Pods;
			sourceTree = "<group>";
		};
/* End PBXGroup section */

/* Begin PBXNativeTarget section */
		7FA7F72A23CC87090013A022 /* bienestapp */ = {
			isa = PBXNativeTarget;
			buildConfigurationList = 7FA7F73D23CC870C0013A022 /* Build configuration list for PBXNativeTarget "bienestapp" */;
			buildPhases = (
				D551E1DB247FF1EE3A46BEFC /* [CP] Check Pods Manifest.lock */,
				7FA7F72723CC87090013A022 /* Sources */,
				7FA7F72823CC87090013A022 /* Frameworks */,
				7FA7F72923CC87090013A022 /* Resources */,
				B6A2E7B5EA0A160A86317608 /* [CP] Embed Pods Frameworks */,
			);
			buildRules = (
			);
			dependencies = (
			);
			name = bienestapp;
			productName = bienestapp;
			productReference = 7FA7F72B23CC87090013A022 /* bienestapp.app */;
			productType = "com.apple.product-type.application";
		};
/* End PBXNativeTarget section */

/* Begin PBXProject section */
		7FA7F72323CC87090013A022 /* Project object */ = {
			isa = PBXProject;
			attributes = {
				LastSwiftUpdateCheck = 1020;
				LastUpgradeCheck = 1020;
				ORGANIZATIONNAME = alumnos;
				TargetAttributes = {
					7FA7F72A23CC87090013A022 = {
						CreatedOnToolsVersion = 10.2.1;
					};
				};
			};
			buildConfigurationList = 7FA7F72623CC87090013A022 /* Build configuration list for PBXProject "bienestapp" */;
			compatibilityVersion = "Xcode 9.3";
			developmentRegion = en;
			hasScannedForEncodings = 0;
			knownRegions = (
				en,
				Base,
			);
			mainGroup = 7FA7F72223CC87090013A022;
			productRefGroup = 7FA7F72C23CC87090013A022 /* Products */;
			projectDirPath = "";
			projectRoot = "";
			targets = (
				7FA7F72A23CC87090013A022 /* bienestapp */,
			);
		};
/* End PBXProject section */

/* Begin PBXResourcesBuildPhase section */
		7FA7F72923CC87090013A022 /* Resources */ = {
			isa = PBXResourcesBuildPhase;
			buildActionMask = 2147483647;
			files = (
				7FD33D4023D9925D00D67A55 /* Main.storyboard in Resources */,
				7FA7F73923CC870C0013A022 /* LaunchScreen.storyboard in Resources */,
				7FA7F73623CC870C0013A022 /* Assets.xcassets in Resources */,
			);
			runOnlyForDeploymentPostprocessing = 0;
		};
/* End PBXResourcesBuildPhase section */

/* Begin PBXShellScriptBuildPhase section */
		B6A2E7B5EA0A160A86317608 /* [CP] Embed Pods Frameworks */ = {
			isa = PBXShellScriptBuildPhase;
			buildActionMask = 2147483647;
			files = (
			);
			inputFileListPaths = (
				"${PODS_ROOT}/Target Support Files/Pods-bienestapp/Pods-bienestapp-frameworks-${CONFIGURATION}-input-files.xcfilelist",
			);
			name = "[CP] Embed Pods Frameworks";
			outputFileListPaths = (
				"${PODS_ROOT}/Target Support Files/Pods-bienestapp/Pods-bienestapp-frameworks-${CONFIGURATION}-output-files.xcfilelist",
			);
			runOnlyForDeploymentPostprocessing = 0;
			shellPath = /bin/sh;
			shellScript = "\"${PODS_ROOT}/Target Support Files/Pods-bienestapp/Pods-bienestapp-frameworks.sh\"\n";
			showEnvVarsInLog = 0;
		};
		D551E1DB247FF1EE3A46BEFC /* [CP] Check Pods Manifest.lock */ = {
			isa = PBXShellScriptBuildPhase;
			buildActionMask = 2147483647;
			files = (
			);
			inputFileListPaths = (
			);
			inputPaths = (
				"${PODS_PODFILE_DIR_PATH}/Podfile.lock",
				"${PODS_ROOT}/Manifest.lock",
			);
			name = "[CP] Check Pods Manifest.lock";
			outputFileListPaths = (
			);
			outputPaths = (
				"$(DERIVED_FILE_DIR)/Pods-bienestapp-checkManifestLockResult.txt",
			);
			runOnlyForDeploymentPostprocessing = 0;
			shellPath = /bin/sh;
			shellScript = "diff \"${PODS_PODFILE_DIR_PATH}/Podfile.lock\" \"${PODS_ROOT}/Manifest.lock\" > /dev/null\nif [ $? != 0 ] ; then\n    # print error to STDERR\n    echo \"error: The sandbox is not in sync with the Podfile.lock. Run 'pod install' or update your CocoaPods installation.\" >&2\n    exit 1\nfi\n# This output is used by Xcode 'outputs' to avoid re-running this script phase.\necho \"SUCCESS\" > \"${SCRIPT_OUTPUT_FILE_0}\"\n";
			showEnvVarsInLog = 0;
		};
/* End PBXShellScriptBuildPhase section */

/* Begin PBXSourcesBuildPhase section */
		7FA7F72723CC87090013A022 /* Sources */ = {
			isa = PBXSourcesBuildPhase;
			buildActionMask = 2147483647;
			files = (
				7F39A40D23D097A600BF6AB7 /* StadisticsTableViewCell.swift in Sources */,
				7FA7F73123CC87090013A022 /* ViewController.swift in Sources */,
				7FF26C6B23E17DE600A2167D /* RestrictionData.swift in Sources */,
				7FB5C36023CF49E6004C24E1 /* MenuViewController.swift in Sources */,
				7F39A40623D07D6700BF6AB7 /* RestrictionCellTableViewCell.swift in Sources */,
				7FFE6F4E23E04FAB00FCEE4D /* UsageViewData.swift in Sources */,
				7F65D17523D5A8E2008E1E97 /* ProfileViewController.swift in Sources */,
				7F39A40B23D0973800BF6AB7 /* StadisticsViewController.swift in Sources */,
				7FB5C36223CF4A3D004C24E1 /* MenuTableViewCell.swift in Sources */,
				7F70507D23D70D8C00C6B556 /* Token.swift in Sources */,
				7F39A40123D0706C00BF6AB7 /* UsageTableViewCell.swift in Sources */,
				7F70507F23D70DDB00C6B556 /* Requests.swift in Sources */,
				7F39A40423D07D0400BF6AB7 /* RestrictionListAppsViewController.swift in Sources */,
				7F70507A23D6F6AE00C6B556 /* usertoken.swift in Sources */,
				7FB5C35C23CF3ADF004C24E1 /* MainTableViewCell.swift in Sources */,
				7F39A40823D086FE00BF6AB7 /* RestrictionDetailViewController.swift in Sources */,
				7F39A3FF23D06EA900BF6AB7 /* UsageView.swift in Sources */,
				7FD33D4223D99D5A00D67A55 /* MainViewData.swift in Sources */,
				7FA7F72F23CC87090013A022 /* AppDelegate.swift in Sources */,
				7FB5C35E23CF3EAF004C24E1 /* MainViewController.swift in Sources */,
				7F70508123D71A6700C6B556 /* Tonteria.swift in Sources */,
			);
			runOnlyForDeploymentPostprocessing = 0;
		};
/* End PBXSourcesBuildPhase section */

/* Begin PBXVariantGroup section */
		7FA7F73723CC870C0013A022 /* LaunchScreen.storyboard */ = {
			isa = PBXVariantGroup;
			children = (
				7FA7F73823CC870C0013A022 /* Base */,
			);
			name = LaunchScreen.storyboard;
			sourceTree = "<group>";
		};
/* End PBXVariantGroup section */

/* Begin XCBuildConfiguration section */
		7FA7F73B23CC870C0013A022 /* Debug */ = {
			isa = XCBuildConfiguration;
			buildSettings = {
				ALWAYS_SEARCH_USER_PATHS = NO;
				CLANG_ANALYZER_NONNULL = YES;
				CLANG_ANALYZER_NUMBER_OBJECT_CONVERSION = YES_AGGRESSIVE;
				CLANG_CXX_LANGUAGE_STANDARD = "gnu++14";
				CLANG_CXX_LIBRARY = "libc++";
				CLANG_ENABLE_MODULES = YES;
				CLANG_ENABLE_OBJC_ARC = YES;
				CLANG_ENABLE_OBJC_WEAK = YES;
				CLANG_WARN_BLOCK_CAPTURE_AUTORELEASING = YES;
				CLANG_WARN_BOOL_CONVERSION = YES;
				CLANG_WARN_COMMA = YES;
				CLANG_WARN_CONSTANT_CONVERSION = YES;
				CLANG_WARN_DEPRECATED_OBJC_IMPLEMENTATIONS = YES;
				CLANG_WARN_DIRECT_OBJC_ISA_USAGE = YES_ERROR;
				CLANG_WARN_DOCUMENTATION_COMMENTS = YES;
				CLANG_WARN_EMPTY_BODY = YES;
				CLANG_WARN_ENUM_CONVERSION = YES;
				CLANG_WARN_INFINITE_RECURSION = YES;
				CLANG_WARN_INT_CONVERSION = YES;
				CLANG_WARN_NON_LITERAL_NULL_CONVERSION = YES;
				CLANG_WARN_OBJC_IMPLICIT_RETAIN_SELF = YES;
				CLANG_WARN_OBJC_LITERAL_CONVERSION = YES;
				CLANG_WARN_OBJC_ROOT_CLASS = YES_ERROR;
				CLANG_WARN_RANGE_LOOP_ANALYSIS = YES;
				CLANG_WARN_STRICT_PROTOTYPES = YES;
				CLANG_WARN_SUSPICIOUS_MOVE = YES;
				CLANG_WARN_UNGUARDED_AVAILABILITY = YES_AGGRESSIVE;
				CLANG_WARN_UNREACHABLE_CODE = YES;
				CLANG_WARN__DUPLICATE_METHOD_MATCH = YES;
				CODE_SIGN_IDENTITY = "iPhone Developer";
				COPY_PHASE_STRIP = NO;
				DEBUG_INFORMATION_FORMAT = dwarf;
				ENABLE_STRICT_OBJC_MSGSEND = YES;
				ENABLE_TESTABILITY = YES;
				GCC_C_LANGUAGE_STANDARD = gnu11;
				GCC_DYNAMIC_NO_PIC = NO;
				GCC_NO_COMMON_BLOCKS = YES;
				GCC_OPTIMIZATION_LEVEL = 0;
				GCC_PREPROCESSOR_DEFINITIONS = (
					"DEBUG=1",
					"$(inherited)",
				);
				GCC_WARN_64_TO_32_BIT_CONVERSION = YES;
				GCC_WARN_ABOUT_RETURN_TYPE = YES_ERROR;
				GCC_WARN_UNDECLARED_SELECTOR = YES;
				GCC_WARN_UNINITIALIZED_AUTOS = YES_AGGRESSIVE;
				GCC_WARN_UNUSED_FUNCTION = YES;
				GCC_WARN_UNUSED_VARIABLE = YES;
				IPHONEOS_DEPLOYMENT_TARGET = 12.2;
				MTL_ENABLE_DEBUG_INFO = INCLUDE_SOURCE;
				MTL_FAST_MATH = YES;
				ONLY_ACTIVE_ARCH = YES;
				SDKROOT = iphoneos;
				SWIFT_ACTIVE_COMPILATION_CONDITIONS = DEBUG;
				SWIFT_OPTIMIZATION_LEVEL = "-Onone";
			};
			name = Debug;
		};
		7FA7F73C23CC870C0013A022 /* Release */ = {
			isa = XCBuildConfiguration;
			buildSettings = {
				ALWAYS_SEARCH_USER_PATHS = NO;
				CLANG_ANALYZER_NONNULL = YES;
				CLANG_ANALYZER_NUMBER_OBJECT_CONVERSION = YES_AGGRESSIVE;
				CLANG_CXX_LANGUAGE_STANDARD = "gnu++14";
				CLANG_CXX_LIBRARY = "libc++";
				CLANG_ENABLE_MODULES = YES;
				CLANG_ENABLE_OBJC_ARC = YES;
				CLANG_ENABLE_OBJC_WEAK = YES;
				CLANG_WARN_BLOCK_CAPTURE_AUTORELEASING = YES;
				CLANG_WARN_BOOL_CONVERSION = YES;
				CLANG_WARN_COMMA = YES;
				CLANG_WARN_CONSTANT_CONVERSION = YES;
				CLANG_WARN_DEPRECATED_OBJC_IMPLEMENTATIONS = YES;
				CLANG_WARN_DIRECT_OBJC_ISA_USAGE = YES_ERROR;
				CLANG_WARN_DOCUMENTATION_COMMENTS = YES;
				CLANG_WARN_EMPTY_BODY = YES;
				CLANG_WARN_ENUM_CONVERSION = YES;
				CLANG_WARN_INFINITE_RECURSION = YES;
				CLANG_WARN_INT_CONVERSION = YES;
				CLANG_WARN_NON_LITERAL_NULL_CONVERSION = YES;
				CLANG_WARN_OBJC_IMPLICIT_RETAIN_SELF = YES;
				CLANG_WARN_OBJC_LITERAL_CONVERSION = YES;
				CLANG_WARN_OBJC_ROOT_CLASS = YES_ERROR;
				CLANG_WARN_RANGE_LOOP_ANALYSIS = YES;
				CLANG_WARN_STRICT_PROTOTYPES = YES;
				CLANG_WARN_SUSPICIOUS_MOVE = YES;
				CLANG_WARN_UNGUARDED_AVAILABILITY = YES_AGGRESSIVE;
				CLANG_WARN_UNREACHABLE_CODE = YES;
				CLANG_WARN__DUPLICATE_METHOD_MATCH = YES;
				CODE_SIGN_IDENTITY = "iPhone Developer";
				COPY_PHASE_STRIP = NO;
				DEBUG_INFORMATION_FORMAT = "dwarf-with-dsym";
				ENABLE_NS_ASSERTIONS = NO;
				ENABLE_STRICT_OBJC_MSGSEND = YES;
				GCC_C_LANGUAGE_STANDARD = gnu11;
				GCC_NO_COMMON_BLOCKS = YES;
				GCC_WARN_64_TO_32_BIT_CONVERSION = YES;
				GCC_WARN_ABOUT_RETURN_TYPE = YES_ERROR;
				GCC_WARN_UNDECLARED_SELECTOR = YES;
				GCC_WARN_UNINITIALIZED_AUTOS = YES_AGGRESSIVE;
				GCC_WARN_UNUSED_FUNCTION = YES;
				GCC_WARN_UNUSED_VARIABLE = YES;
				IPHONEOS_DEPLOYMENT_TARGET = 12.2;
				MTL_ENABLE_DEBUG_INFO = NO;
				MTL_FAST_MATH = YES;
				SDKROOT = iphoneos;
				SWIFT_COMPILATION_MODE = wholemodule;
				SWIFT_OPTIMIZATION_LEVEL = "-O";
				VALIDATE_PRODUCT = YES;
			};
			name = Release;
		};
		7FA7F73E23CC870C0013A022 /* Debug */ = {
			isa = XCBuildConfiguration;
			baseConfigurationReference = 21CDFBED92264FD3BF62AEBB /* Pods-bienestapp.debug.xcconfig */;
			buildSettings = {
				ASSETCATALOG_COMPILER_APPICON_NAME = AppIcon;
				CODE_SIGN_STYLE = Automatic;
				INFOPLIST_FILE = bienestapp/Info.plist;
				LD_RUNPATH_SEARCH_PATHS = (
					"$(inherited)",
					"@executable_path/Frameworks",
				);
				PRODUCT_BUNDLE_IDENTIFIER = u.bienestapp;
				PRODUCT_NAME = "$(TARGET_NAME)";
				SWIFT_VERSION = 5.0;
				TARGETED_DEVICE_FAMILY = "1,2";
			};
			name = Debug;
		};
		7FA7F73F23CC870C0013A022 /* Release */ = {
			isa = XCBuildConfiguration;
			baseConfigurationReference = 2F262BB95C0A0D7D8ADDEF49 /* Pods-bienestapp.release.xcconfig */;
			buildSettings = {
				ASSETCATALOG_COMPILER_APPICON_NAME = AppIcon;
				CODE_SIGN_STYLE = Automatic;
				INFOPLIST_FILE = bienestapp/Info.plist;
				LD_RUNPATH_SEARCH_PATHS = (
					"$(inherited)",
					"@executable_path/Frameworks",
				);
				PRODUCT_BUNDLE_IDENTIFIER = u.bienestapp;
				PRODUCT_NAME = "$(TARGET_NAME)";
				SWIFT_VERSION = 5.0;
				TARGETED_DEVICE_FAMILY = "1,2";
			};
			name = Release;
		};
/* End XCBuildConfiguration section */

/* Begin XCConfigurationList section */
		7FA7F72623CC87090013A022 /* Build configuration list for PBXProject "bienestapp" */ = {
			isa = XCConfigurationList;
			buildConfigurations = (
				7FA7F73B23CC870C0013A022 /* Debug */,
				7FA7F73C23CC870C0013A022 /* Release */,
			);
			defaultConfigurationIsVisible = 0;
			defaultConfigurationName = Release;
		};
		7FA7F73D23CC870C0013A022 /* Build configuration list for PBXNativeTarget "bienestapp" */ = {
			isa = XCConfigurationList;
			buildConfigurations = (
				7FA7F73E23CC870C0013A022 /* Debug */,
				7FA7F73F23CC870C0013A022 /* Release */,
			);
			defaultConfigurationIsVisible = 0;
			defaultConfigurationName = Release;
		};
/* End XCConfigurationList section */
	};
	rootObject = 7FA7F72323CC87090013A022 /* Project object */;
}
